
Microsoft Visual Studio Solution File, Format Version 12.00
# Visual Studio Version 17
VisualStudioVersion = 17.6.33815.320
MinimumVisualStudioVersion = 10.0.40219.1
Project("{FAE04EC0-301F-11D3-BF4B-00C04F79EFBC}") = "LibraryManagement", "LibraryManagement\LibraryManagement.csproj", "{CD4B7200-0B15-48B5-915B-792543A33707}"
EndProject
Global
	GlobalSection(SolutionConfigurationPlatforms) = preSolution
		Debug|Any CPU = Debug|Any CPU
		Release|Any CPU = Release|Any CPU
	EndGlobalSection
	GlobalSection(ProjectConfigurationPlatforms) = postSolution
		{CD4B7200-0B15-48B5-915B-792543A33707}.Debug|Any CPU.ActiveCfg = Debug|Any CPU
		{CD4B7200-0B15-48B5-915B-792543A33707}.Debug|Any CPU.Build.0 = Debug|Any CPU
		{CD4B7200-0B15-48B5-915B-792543A33707}.Release|Any CPU.ActiveCfg = Release|Any CPU
		{CD4B7200-0B15-48B5-915B-792543A33707}.Release|Any CPU.Build.0 = Release|Any CPU
	EndGlobalSection
	GlobalSection(SolutionProperties) = preSolution
		HideSolutionNode = FALSE
	EndGlobalSection
	GlobalSection(ExtensibilityGlobals) = postSolution
		SolutionGuid = {7189E346-2392-4799-AAFA-C7C08296B348}
	EndGlobalSection
EndGlobal
